
Microsoft Visual Studio Solution File, Format Version 12.00
# Visual Studio 15
VisualStudioVersion = 15.0.27428.2002
MinimumVisualStudioVersion = 10.0.40219.1
Project("{FAE04EC0-301F-11D3-BF4B-00C04F79EFBC}") = "ShinyHunting.Android", "ShinyHunting\ShinyHunting.Android\ShinyHunting.Android.csproj", "{4D2F75D1-A659-4C4F-8AD6-089CE37F253D}"
EndProject
Project("{FAE04EC0-301F-11D3-BF4B-00C04F79EFBC}") = "ShinyHunting.iOS", "ShinyHunting\ShinyHunting.iOS\ShinyHunting.iOS.csproj", "{ACB23ED6-DE56-4CC7-A103-391AFB8DEFFF}"
EndProject
Project("{FAE04EC0-301F-11D3-BF4B-00C04F79EFBC}") = "ShinyHunting.UWP", "ShinyHunting\ShinyHunting.UWP\ShinyHunting.UWP.csproj", "{5DB8B0D3-168F-4127-B1DE-8DCBF43B99F4}"
EndProject
Project("{FAE04EC0-301F-11D3-BF4B-00C04F79EFBC}") = "ShinyHunting", "ShinyHunting\ShinyHunting\ShinyHunting.csproj", "{DD4222D4-84EB-4BB2-8A90-A2BB4F805D66}"
EndProject
Global
	GlobalSection(SolutionConfigurationPlatforms) = preSolution
		Ad-Hoc|Any CPU = Ad-Hoc|Any CPU
		Ad-Hoc|ARM = Ad-Hoc|ARM
		Ad-Hoc|iPhone = Ad-Hoc|iPhone
		Ad-Hoc|iPhoneSimulator = Ad-Hoc|iPhoneSimulator
		Ad-Hoc|x64 = Ad-Hoc|x64
		Ad-Hoc|x86 = Ad-Hoc|x86
		AppStore|Any CPU = AppStore|Any CPU
		AppStore|ARM = AppStore|ARM
		AppStore|iPhone = AppStore|iPhone
		AppStore|iPhoneSimulator = AppStore|iPhoneSimulator
		AppStore|x64 = AppStore|x64
		AppStore|x86 = AppStore|x86
		Debug|Any CPU = Debug|Any CPU
		Debug|ARM = Debug|ARM
		Debug|iPhone = Debug|iPhone
		Debug|iPhoneSimulator = Debug|iPhoneSimulator
		Debug|x64 = Debug|x64
		Debug|x86 = Debug|x86
		Release|Any CPU = Release|Any CPU
		Release|ARM = Release|ARM
		Release|iPhone = Release|iPhone
		Release|iPhoneSimulator = Release|iPhoneSimulator
		Release|x64 = Release|x64
		Release|x86 = Release|x86
	EndGlobalSection
	GlobalSection(ProjectConfigurationPlatforms) = postSolution
		{4D2F75D1-A659-4C4F-8AD6-089CE37F253D}.Ad-Hoc|Any CPU.ActiveCfg = Release|Any CPU
		{4D2F75D1-A659-4C4F-8AD6-089CE37F253D}.Ad-Hoc|Any CPU.Build.0 = Release|Any CPU
		{4D2F75D1-A659-4C4F-8AD6-089CE37F253D}.Ad-Hoc|Any CPU.Deploy.0 = Release|Any CPU
		{4D2F75D1-A659-4C4F-8AD6-089CE37F253D}.Ad-Hoc|ARM.ActiveCfg = Release|Any CPU
		{4D2F75D1-A659-4C4F-8AD6-089CE37F253D}.Ad-Hoc|ARM.Build.0 = Release|Any CPU
		{4D2F75D1-A659-4C4F-8AD6-089CE37F253D}.Ad-Hoc|ARM.Deploy.0 = Release|Any CPU
		{4D2F75D1-A659-4C4F-8AD6-089CE37F253D}.Ad-Hoc|iPhone.ActiveCfg = Release|Any CPU
		{4D2F75D1-A659-4C4F-8AD6-089CE37F253D}.Ad-Hoc|iPhone.Build.0 = Release|Any CPU
		{4D2F75D1-A659-4C4F-8AD6-089CE37F253D}.Ad-Hoc|iPhone.Deploy.0 = Release|Any CPU
		{4D2F75D1-A659-4C4F-8AD6-089CE37F253D}.Ad-Hoc|iPhoneSimulator.ActiveCfg = Release|Any CPU
		{4D2F75D1-A659-4C4F-8AD6-089CE37F253D}.Ad-Hoc|iPhoneSimulator.Build.0 = Release|Any CPU
		{4D2F75D1-A659-4C4F-8AD6-089CE37F253D}.Ad-Hoc|iPhoneSimulator.Deploy.0 = Release|Any CPU
		{4D2F75D1-A659-4C4F-8AD6-089CE37F253D}.Ad-Hoc|x64.ActiveCfg = Release|Any CPU
		{4D2F75D1-A659-4C4F-8AD6-089CE37F253D}.Ad-Hoc|x64.Build.0 = Release|Any CPU
		{4D2F75D1-A659-4C4F-8AD6-089CE37F253D}.Ad-Hoc|x64.Deploy.0 = Release|Any CPU
		{4D2F75D1-A659-4C4F-8AD6-089CE37F253D}.Ad-Hoc|x86.ActiveCfg = Release|Any CPU
		{4D2F75D1-A659-4C4F-8AD6-089CE37F253D}.Ad-Hoc|x86.Build.0 = Release|Any CPU
		{4D2F75D1-A659-4C4F-8AD6-089CE37F253D}.Ad-Hoc|x86.Deploy.0 = Release|Any CPU
		{4D2F75D1-A659-4C4F-8AD6-089CE37F253D}.AppStore|Any CPU.ActiveCfg = Release|Any CPU
		{4D2F75D1-A659-4C4F-8AD6-089CE37F253D}.AppStore|Any CPU.Build.0 = Release|Any CPU
		{4D2F75D1-A659-4C4F-8AD6-089CE37F253D}.AppStore|Any CPU.Deploy.0 = Release|Any CPU
		{4D2F75D1-A659-4C4F-8AD6-089CE37F253D}.AppStore|ARM.ActiveCfg = Release|Any CPU
		{4D2F75D1-A659-4C4F-8AD6-089CE37F253D}.AppStore|ARM.Build.0 = Release|Any CPU
		{4D2F75D1-A659-4C4F-8AD6-089CE37F253D}.AppStore|ARM.Deploy.0 = Release|Any CPU
		{4D2F75D1-A659-4C4F-8AD6-089CE37F253D}.AppStore|iPhone.ActiveCfg = Release|Any CPU
		{4D2F75D1-A659-4C4F-8AD6-089CE37F253D}.AppStore|iPhone.Build.0 = Release|Any CPU
		{4D2F75D1-A659-4C4F-8AD6-089CE37F253D}.AppStore|iPhone.Deploy.0 = Release|Any CPU
		{4D2F75D1-A659-4C4F-8AD6-089CE37F253D}.AppStore|iPhoneSimulator.ActiveCfg = Release|Any CPU
		{4D2F75D1-A659-4C4F-8AD6-089CE37F253D}.AppStore|iPhoneSimulator.Build.0 = Release|Any CPU
		{4D2F75D1-A659-4C4F-8AD6-089CE37F253D}.AppStore|iPhoneSimulator.Deploy.0 = Release|Any CPU
		{4D2F75D1-A659-4C4F-8AD6-089CE37F253D}.AppStore|x64.ActiveCfg = Release|Any CPU
		{4D2F75D1-A659-4C4F-8AD6-089CE37F253D}.AppStore|x64.Build.0 = Release|Any CPU
		{4D2F75D1-A659-4C4F-8AD6-089CE37F253D}.AppStore|x64.Deploy.0 = Release|Any CPU
		{4D2F75D1-A659-4C4F-8AD6-089CE37F253D}.AppStore|x86.ActiveCfg = Release|Any CPU
		{4D2F75D1-A659-4C4F-8AD6-089CE37F253D}.AppStore|x86.Build.0 = Release|Any CPU
		{4D2F75D1-A659-4C4F-8AD6-089CE37F253D}.AppStore|x86.Deploy.0 = Release|Any CPU
		{4D2F75D1-A659-4C4F-8AD6-089CE37F253D}.Debug|Any CPU.ActiveCfg = Debug|Any CPU
		{4D2F75D1-A659-4C4F-8AD6-089CE37F253D}.Debug|Any CPU.Build.0 = Debug|Any CPU
		{4D2F75D1-A659-4C4F-8AD6-089CE37F253D}.Debug|Any CPU.Deploy.0 = Debug|Any CPU
		{4D2F75D1-A659-4C4F-8AD6-089CE37F253D}.Debug|ARM.ActiveCfg = Debug|Any CPU
		{4D2F75D1-A659-4C4F-8AD6-089CE37F253D}.Debug|ARM.Build.0 = Debug|Any CPU
		{4D2F75D1-A659-4C4F-8AD6-089CE37F253D}.Debug|ARM.Deploy.0 = Debug|Any CPU
		{4D2F75D1-A659-4C4F-8AD6-089CE37F253D}.Debug|iPhone.ActiveCfg = Debug|Any CPU
		{4D2F75D1-A659-4C4F-8AD6-089CE37F253D}.Debug|iPhone.Build.0 = Debug|Any CPU
		{4D2F75D1-A659-4C4F-8AD6-089CE37F253D}.Debug|iPhone.Deploy.0 = Debug|Any CPU
		{4D2F75D1-A659-4C4F-8AD6-089CE37F253D}.Debug|iPhoneSimulator.ActiveCfg = Debug|Any CPU
		{4D2F75D1-A659-4C4F-8AD6-089CE37F253D}.Debug|iPhoneSimulator.Build.0 = Debug|Any CPU
		{4D2F75D1-A659-4C4F-8AD6-089CE37F253D}.Debug|iPhoneSimulator.Deploy.0 = Debug|Any CPU
		{4D2F75D1-A659-4C4F-8AD6-089CE37F253D}.Debug|x64.ActiveCfg = Debug|Any CPU
		{4D2F75D1-A659-4C4F-8AD6-089CE37F253D}.Debug|x64.Build.0 = Debug|Any CPU
		{4D2F75D1-A659-4C4F-8AD6-089CE37F253D}.Debug|x64.Deploy.0 = Debug|Any CPU
		{4D2F75D1-A659-4C4F-8AD6-089CE37F253D}.Debug|x86.ActiveCfg = Debug|Any CPU
		{4D2F75D1-A659-4C4F-8AD6-089CE37F253D}.Debug|x86.Build.0 = Debug|Any CPU
		{4D2F75D1-A659-4C4F-8AD6-089CE37F253D}.Debug|x86.Deploy.0 = Debug|Any CPU
		{4D2F75D1-A659-4C4F-8AD6-089CE37F253D}.Release|Any CPU.ActiveCfg = Release|Any CPU
		{4D2F75D1-A659-4C4F-8AD6-089CE37F253D}.Release|Any CPU.Build.0 = Release|Any CPU
		{4D2F75D1-A659-4C4F-8AD6-089CE37F253D}.Release|Any CPU.Deploy.0 = Release|Any CPU
		{4D2F75D1-A659-4C4F-8AD6-089CE37F253D}.Release|ARM.ActiveCfg = Release|Any CPU
		{4D2F75D1-A659-4C4F-8AD6-089CE37F253D}.Release|ARM.Build.0 = Release|Any CPU
		{4D2F75D1-A659-4C4F-8AD6-089CE37F253D}.Release|ARM.Deploy.0 = Release|Any CPU
		{4D2F75D1-A659-4C4F-8AD6-089CE37F253D}.Release|iPhone.ActiveCfg = Release|Any CPU
		{4D2F75D1-A659-4C4F-8AD6-089CE37F253D}.Release|iPhone.Build.0 = Release|Any CPU
		{4D2F75D1-A659-4C4F-8AD6-089CE37F253D}.Release|iPhone.Deploy.0 = Release|Any CPU
		{4D2F75D1-A659-4C4F-8AD6-089CE37F253D}.Release|iPhoneSimulator.ActiveCfg = Release|Any CPU
		{4D2F75D1-A659-4C4F-8AD6-089CE37F253D}.Release|iPhoneSimulator.Build.0 = Release|Any CPU
		{4D2F75D1-A659-4C4F-8AD6-089CE37F253D}.Release|iPhoneSimulator.Deploy.0 = Release|Any CPU
		{4D2F75D1-A659-4C4F-8AD6-089CE37F253D}.Release|x64.ActiveCfg = Release|Any CPU
		{4D2F75D1-A659-4C4F-8AD6-089CE37F253D}.Release|x64.Build.0 = Release|Any CPU
		{4D2F75D1-A659-4C4F-8AD6-089CE37F253D}.Release|x64.Deploy.0 = Release|Any CPU
		{4D2F75D1-A659-4C4F-8AD6-089CE37F253D}.Release|x86.ActiveCfg = Release|Any CPU
		{4D2F75D1-A659-4C4F-8AD6-089CE37F253D}.Release|x86.Build.0 = Release|Any CPU
		{4D2F75D1-A659-4C4F-8AD6-089CE37F253D}.Release|x86.Deploy.0 = Release|Any CPU
		{ACB23ED6-DE56-4CC7-A103-391AFB8DEFFF}.Ad-Hoc|Any CPU.ActiveCfg = Ad-Hoc|iPhone
		{ACB23ED6-DE56-4CC7-A103-391AFB8DEFFF}.Ad-Hoc|ARM.ActiveCfg = Ad-Hoc|iPhone
		{ACB23ED6-DE56-4CC7-A103-391AFB8DEFFF}.Ad-Hoc|iPhone.ActiveCfg = Ad-Hoc|iPhone
		{ACB23ED6-DE56-4CC7-A103-391AFB8DEFFF}.Ad-Hoc|iPhone.Build.0 = Ad-Hoc|iPhone
		{ACB23ED6-DE56-4CC7-A103-391AFB8DEFFF}.Ad-Hoc|iPhoneSimulator.ActiveCfg = Ad-Hoc|iPhoneSimulator
		{ACB23ED6-DE56-4CC7-A103-391AFB8DEFFF}.Ad-Hoc|iPhoneSimulator.Build.0 = Ad-Hoc|iPhoneSimulator
		{ACB23ED6-DE56-4CC7-A103-391AFB8DEFFF}.Ad-Hoc|x64.ActiveCfg = Ad-Hoc|iPhone
		{ACB23ED6-DE56-4CC7-A103-391AFB8DEFFF}.Ad-Hoc|x86.ActiveCfg = Ad-Hoc|iPhone
		{ACB23ED6-DE56-4CC7-A103-391AFB8DEFFF}.AppStore|Any CPU.ActiveCfg = AppStore|iPhone
		{ACB23ED6-DE56-4CC7-A103-391AFB8DEFFF}.AppStore|ARM.ActiveCfg = AppStore|iPhone
		{ACB23ED6-DE56-4CC7-A103-391AFB8DEFFF}.AppStore|iPhone.ActiveCfg = AppStore|iPhone
		{ACB23ED6-DE56-4CC7-A103-391AFB8DEFFF}.AppStore|iPhone.Build.0 = AppStore|iPhone
		{ACB23ED6-DE56-4CC7-A103-391AFB8DEFFF}.AppStore|iPhoneSimulator.ActiveCfg = AppStore|iPhoneSimulator
		{ACB23ED6-DE56-4CC7-A103-391AFB8DEFFF}.AppStore|iPhoneSimulator.Build.0 = AppStore|iPhoneSimulator
		{ACB23ED6-DE56-4CC7-A103-391AFB8DEFFF}.AppStore|x64.ActiveCfg = AppStore|iPhone
		{ACB23ED6-DE56-4CC7-A103-391AFB8DEFFF}.AppStore|x86.ActiveCfg = AppStore|iPhone
		{ACB23ED6-DE56-4CC7-A103-391AFB8DEFFF}.Debug|Any CPU.ActiveCfg = Debug|iPhone
		{ACB23ED6-DE56-4CC7-A103-391AFB8DEFFF}.Debug|ARM.ActiveCfg = Debug|iPhone
		{ACB23ED6-DE56-4CC7-A103-391AFB8DEFFF}.Debug|iPhone.ActiveCfg = Debug|iPhone
		{ACB23ED6-DE56-4CC7-A103-391AFB8DEFFF}.Debug|iPhone.Build.0 = Debug|iPhone
		{ACB23ED6-DE56-4CC7-A103-391AFB8DEFFF}.Debug|iPhoneSimulator.ActiveCfg = Debug|iPhoneSimulator
		{ACB23ED6-DE56-4CC7-A103-391AFB8DEFFF}.Debug|iPhoneSimulator.Build.0 = Debug|iPhoneSimulator
		{ACB23ED6-DE56-4CC7-A103-391AFB8DEFFF}.Debug|x64.ActiveCfg = Debug|iPhone
		{ACB23ED6-DE56-4CC7-A103-391AFB8DEFFF}.Debug|x86.ActiveCfg = Debug|iPhone
		{ACB23ED6-DE56-4CC7-A103-391AFB8DEFFF}.Release|Any CPU.ActiveCfg = Release|iPhone
		{ACB23ED6-DE56-4CC7-A103-391AFB8DEFFF}.Release|ARM.ActiveCfg = Release|iPhone
		{ACB23ED6-DE56-4CC7-A103-391AFB8DEFFF}.Release|iPhone.ActiveCfg = Release|iPhone
		{ACB23ED6-DE56-4CC7-A103-391AFB8DEFFF}.Release|iPhone.Build.0 = Release|iPhone
		{ACB23ED6-DE56-4CC7-A103-391AFB8DEFFF}.Release|iPhoneSimulator.ActiveCfg = Release|iPhoneSimulator
		{ACB23ED6-DE56-4CC7-A103-391AFB8DEFFF}.Release|iPhoneSimulator.Build.0 = Release|iPhoneSimulator
		{ACB23ED6-DE56-4CC7-A103-391AFB8DEFFF}.Release|x64.ActiveCfg = Release|iPhone
		{ACB23ED6-DE56-4CC7-A103-391AFB8DEFFF}.Release|x86.ActiveCfg = Release|iPhone
		{5DB8B0D3-168F-4127-B1DE-8DCBF43B99F4}.Ad-Hoc|Any CPU.ActiveCfg = Release|x86
		{5DB8B0D3-168F-4127-B1DE-8DCBF43B99F4}.Ad-Hoc|Any CPU.Build.0 = Release|x86
		{5DB8B0D3-168F-4127-B1DE-8DCBF43B99F4}.Ad-Hoc|Any CPU.Deploy.0 = Release|x86
		{5DB8B0D3-168F-4127-B1DE-8DCBF43B99F4}.Ad-Hoc|ARM.ActiveCfg = Release|ARM
		{5DB8B0D3-168F-4127-B1DE-8DCBF43B99F4}.Ad-Hoc|ARM.Build.0 = Release|ARM
		{5DB8B0D3-168F-4127-B1DE-8DCBF43B99F4}.Ad-Hoc|ARM.Deploy.0 = Release|ARM
		{5DB8B0D3-168F-4127-B1DE-8DCBF43B99F4}.Ad-Hoc|iPhone.ActiveCfg = Release|x86
		{5DB8B0D3-168F-4127-B1DE-8DCBF43B99F4}.Ad-Hoc|iPhone.Build.0 = Release|x86
		{5DB8B0D3-168F-4127-B1DE-8DCBF43B99F4}.Ad-Hoc|iPhone.Deploy.0 = Release|x86
		{5DB8B0D3-168F-4127-B1DE-8DCBF43B99F4}.Ad-Hoc|iPhoneSimulator.ActiveCfg = Release|x86
		{5DB8B0D3-168F-4127-B1DE-8DCBF43B99F4}.Ad-Hoc|iPhoneSimulator.Build.0 = Release|x86
		{5DB8B0D3-168F-4127-B1DE-8DCBF43B99F4}.Ad-Hoc|iPhoneSimulator.Deploy.0 = Release|x86
		{5DB8B0D3-168F-4127-B1DE-8DCBF43B99F4}.Ad-Hoc|x64.ActiveCfg = Release|x64
		{5DB8B0D3-168F-4127-B1DE-8DCBF43B99F4}.Ad-Hoc|x64.Build.0 = Release|x64
		{5DB8B0D3-168F-4127-B1DE-8DCBF43B99F4}.Ad-Hoc|x64.Deploy.0 = Release|x64
		{5DB8B0D3-168F-4127-B1DE-8DCBF43B99F4}.Ad-Hoc|x86.ActiveCfg = Release|x86
		{5DB8B0D3-168F-4127-B1DE-8DCBF43B99F4}.Ad-Hoc|x86.Build.0 = Release|x86
		{5DB8B0D3-168F-4127-B1DE-8DCBF43B99F4}.Ad-Hoc|x86.Deploy.0 = Release|x86
		{5DB8B0D3-168F-4127-B1DE-8DCBF43B99F4}.AppStore|Any CPU.ActiveCfg = Release|x86
		{5DB8B0D3-168F-4127-B1DE-8DCBF43B99F4}.AppStore|Any CPU.Build.0 = Release|x86
		{5DB8B0D3-168F-4127-B1DE-8DCBF43B99F4}.AppStore|Any CPU.Deploy.0 = Release|x86
		{5DB8B0D3-168F-4127-B1DE-8DCBF43B99F4}.AppStore|ARM.ActiveCfg = Release|ARM
		{5DB8B0D3-168F-4127-B1DE-8DCBF43B99F4}.AppStore|ARM.Build.0 = Release|ARM
		{5DB8B0D3-168F-4127-B1DE-8DCBF43B99F4}.AppStore|ARM.Deploy.0 = Release|ARM
		{5DB8B0D3-168F-4127-B1DE-8DCBF43B99F4}.AppStore|iPhone.ActiveCfg = Release|x86
		{5DB8B0D3-168F-4127-B1DE-8DCBF43B99F4}.AppStore|iPhone.Build.0 = Release|x86
		{5DB8B0D3-168F-4127-B1DE-8DCBF43B99F4}.AppStore|iPhone.Deploy.0 = Release|x86
		{5DB8B0D3-168F-4127-B1DE-8DCBF43B99F4}.AppStore|iPhoneSimulator.ActiveCfg = Release|x86
		{5DB8B0D3-168F-4127-B1DE-8DCBF43B99F4}.AppStore|iPhoneSimulator.Build.0 = Release|x86
		{5DB8B0D3-168F-4127-B1DE-8DCBF43B99F4}.AppStore|iPhoneSimulator.Deploy.0 = Release|x86
		{5DB8B0D3-168F-4127-B1DE-8DCBF43B99F4}.AppStore|x64.ActiveCfg = Release|x64
		{5DB8B0D3-168F-4127-B1DE-8DCBF43B99F4}.AppStore|x64.Build.0 = Release|x64
		{5DB8B0D3-168F-4127-B1DE-8DCBF43B99F4}.AppStore|x64.Deploy.0 = Release|x64
		{5DB8B0D3-168F-4127-B1DE-8DCBF43B99F4}.AppStore|x86.ActiveCfg = Release|x86
		{5DB8B0D3-168F-4127-B1DE-8DCBF43B99F4}.AppStore|x86.Build.0 = Release|x86
		{5DB8B0D3-168F-4127-B1DE-8DCBF43B99F4}.AppStore|x86.Deploy.0 = Release|x86
		{5DB8B0D3-168F-4127-B1DE-8DCBF43B99F4}.Debug|Any CPU.ActiveCfg = Debug|x86
		{5DB8B0D3-168F-4127-B1DE-8DCBF43B99F4}.Debug|ARM.ActiveCfg = Debug|ARM
		{5DB8B0D3-168F-4127-B1DE-8DCBF43B99F4}.Debug|ARM.Build.0 = Debug|ARM
		{5DB8B0D3-168F-4127-B1DE-8DCBF43B99F4}.Debug|ARM.Deploy.0 = Debug|ARM
		{5DB8B0D3-168F-4127-B1DE-8DCBF43B99F4}.Debug|iPhone.ActiveCfg = Debug|x86
		{5DB8B0D3-168F-4127-B1DE-8DCBF43B99F4}.Debug|iPhoneSimulator.ActiveCfg = Debug|x86
		{5DB8B0D3-168F-4127-B1DE-8DCBF43B99F4}.Debug|x64.ActiveCfg = Debug|x64
		{5DB8B0D3-168F-4127-B1DE-8DCBF43B99F4}.Debug|x64.Build.0 = Debug|x64
		{5DB8B0D3-168F-4127-B1DE-8DCBF43B99F4}.Debug|x64.Deploy.0 = Debug|x64
		{5DB8B0D3-168F-4127-B1DE-8DCBF43B99F4}.Debug|x86.ActiveCfg = Debug|x86
		{5DB8B0D3-168F-4127-B1DE-8DCBF43B99F4}.Debug|x86.Build.0 = Debug|x86
		{5DB8B0D3-168F-4127-B1DE-8DCBF43B99F4}.Debug|x86.Deploy.0 = Debug|x86
		{5DB8B0D3-168F-4127-B1DE-8DCBF43B99F4}.Release|Any CPU.ActiveCfg = Release|x86
		{5DB8B0D3-168F-4127-B1DE-8DCBF43B99F4}.Release|ARM.ActiveCfg = Release|ARM
		{5DB8B0D3-168F-4127-B1DE-8DCBF43B99F4}.Release|ARM.Build.0 = Release|ARM
		{5DB8B0D3-168F-4127-B1DE-8DCBF43B99F4}.Release|ARM.Deploy.0 = Release|ARM
		{5DB8B0D3-168F-4127-B1DE-8DCBF43B99F4}.Release|iPhone.ActiveCfg = Release|x86
		{5DB8B0D3-168F-4127-B1DE-8DCBF43B99F4}.Release|iPhoneSimulator.ActiveCfg = Release|x86
		{5DB8B0D3-168F-4127-B1DE-8DCBF43B99F4}.Release|x64.ActiveCfg = Release|x64
		{5DB8B0D3-168F-4127-B1DE-8DCBF43B99F4}.Release|x64.Build.0 = Release|x64
		{5DB8B0D3-168F-4127-B1DE-8DCBF43B99F4}.Release|x64.Deploy.0 = Release|x64
		{5DB8B0D3-168F-4127-B1DE-8DCBF43B99F4}.Release|x86.ActiveCfg = Release|x86
		{5DB8B0D3-168F-4127-B1DE-8DCBF43B99F4}.Release|x86.Build.0 = Release|x86
		{5DB8B0D3-168F-4127-B1DE-8DCBF43B99F4}.Release|x86.Deploy.0 = Release|x86
		{DD4222D4-84EB-4BB2-8A90-A2BB4F805D66}.Ad-Hoc|Any CPU.ActiveCfg = Debug|Any CPU
		{DD4222D4-84EB-4BB2-8A90-A2BB4F805D66}.Ad-Hoc|Any CPU.Build.0 = Debug|Any CPU
		{DD4222D4-84EB-4BB2-8A90-A2BB4F805D66}.Ad-Hoc|ARM.ActiveCfg = Debug|Any CPU
		{DD4222D4-84EB-4BB2-8A90-A2BB4F805D66}.Ad-Hoc|ARM.Build.0 = Debug|Any CPU
		{DD4222D4-84EB-4BB2-8A90-A2BB4F805D66}.Ad-Hoc|iPhone.ActiveCfg = Debug|Any CPU
		{DD4222D4-84EB-4BB2-8A90-A2BB4F805D66}.Ad-Hoc|iPhone.Build.0 = Debug|Any CPU
		{DD4222D4-84EB-4BB2-8A90-A2BB4F805D66}.Ad-Hoc|iPhoneSimulator.ActiveCfg = Debug|Any CPU
		{DD4222D4-84EB-4BB2-8A90-A2BB4F805D66}.Ad-Hoc|iPhoneSimulator.Build.0 = Debug|Any CPU
		{DD4222D4-84EB-4BB2-8A90-A2BB4F805D66}.Ad-Hoc|x64.ActiveCfg = Debug|Any CPU
		{DD4222D4-84EB-4BB2-8A90-A2BB4F805D66}.Ad-Hoc|x64.Build.0 = Debug|Any CPU
		{DD4222D4-84EB-4BB2-8A90-A2BB4F805D66}.Ad-Hoc|x86.ActiveCfg = Debug|Any CPU
		{DD4222D4-84EB-4BB2-8A90-A2BB4F805D66}.Ad-Hoc|x86.Build.0 = Debug|Any CPU
		{DD4222D4-84EB-4BB2-8A90-A2BB4F805D66}.AppStore|Any CPU.ActiveCfg = Debug|Any CPU
		{DD4222D4-84EB-4BB2-8A90-A2BB4F805D66}.AppStore|Any CPU.Build.0 = Debug|Any CPU
		{DD4222D4-84EB-4BB2-8A90-A2BB4F805D66}.AppStore|ARM.ActiveCfg = Debug|Any CPU
		{DD4222D4-84EB-4BB2-8A90-A2BB4F805D66}.AppStore|ARM.Build.0 = Debug|Any CPU
		{DD4222D4-84EB-4BB2-8A90-A2BB4F805D66}.AppStore|iPhone.ActiveCfg = Debug|Any CPU
		{DD4222D4-84EB-4BB2-8A90-A2BB4F805D66}.AppStore|iPhone.Build.0 = Debug|Any CPU
		{DD4222D4-84EB-4BB2-8A90-A2BB4F805D66}.AppStore|iPhoneSimulator.ActiveCfg = Debug|Any CPU
		{DD4222D4-84EB-4BB2-8A90-A2BB4F805D66}.AppStore|iPhoneSimulator.Build.0 = Debug|Any CPU
		{DD4222D4-84EB-4BB2-8A90-A2BB4F805D66}.AppStore|x64.ActiveCfg = Debug|Any CPU
		{DD4222D4-84EB-4BB2-8A90-A2BB4F805D66}.AppStore|x64.Build.0 = Debug|Any CPU
		{DD4222D4-84EB-4BB2-8A90-A2BB4F805D66}.AppStore|x86.ActiveCfg = Debug|Any CPU
		{DD4222D4-84EB-4BB2-8A90-A2BB4F805D66}.AppStore|x86.Build.0 = Debug|Any CPU
		{DD4222D4-84EB-4BB2-8A90-A2BB4F805D66}.Debug|Any CPU.ActiveCfg = Debug|Any CPU
		{DD4222D4-84EB-4BB2-8A90-A2BB4F805D66}.Debug|Any CPU.Build.0 = Debug|Any CPU
		{DD4222D4-84EB-4BB2-8A90-A2BB4F805D66}.Debug|ARM.ActiveCfg = Debug|Any CPU
		{DD4222D4-84EB-4BB2-8A90-A2BB4F805D66}.Debug|ARM.Build.0 = Debug|Any CPU
		{DD4222D4-84EB-4BB2-8A90-A2BB4F805D66}.Debug|iPhone.ActiveCfg = Debug|Any CPU
		{DD4222D4-84EB-4BB2-8A90-A2BB4F805D66}.Debug|iPhone.Build.0 = Debug|Any CPU
		{DD4222D4-84EB-4BB2-8A90-A2BB4F805D66}.Debug|iPhoneSimulator.ActiveCfg = Debug|Any CPU
		{DD4222D4-84EB-4BB2-8A90-A2BB4F805D66}.Debug|iPhoneSimulator.Build.0 = Debug|Any CPU
		{DD4222D4-84EB-4BB2-8A90-A2BB4F805D66}.Debug|x64.ActiveCfg = Debug|Any CPU
		{DD4222D4-84EB-4BB2-8A90-A2BB4F805D66}.Debug|x64.Build.0 = Debug|Any CPU
		{DD4222D4-84EB-4BB2-8A90-A2BB4F805D66}.Debug|x86.ActiveCfg = Debug|Any CPU
		{DD4222D4-84EB-4BB2-8A90-A2BB4F805D66}.Debug|x86.Build.0 = Debug|Any CPU
		{DD4222D4-84EB-4BB2-8A90-A2BB4F805D66}.Release|Any CPU.ActiveCfg = Release|Any CPU
		{DD4222D4-84EB-4BB2-8A90-A2BB4F805D66}.Release|Any CPU.Build.0 = Release|Any CPU
		{DD4222D4-84EB-4BB2-8A90-A2BB4F805D66}.Release|ARM.ActiveCfg = Release|Any CPU
		{DD4222D4-84EB-4BB2-8A90-A2BB4F805D66}.Release|ARM.Build.0 = Release|Any CPU
		{DD4222D4-84EB-4BB2-8A90-A2BB4F805D66}.Release|iPhone.ActiveCfg = Release|Any CPU
		{DD4222D4-84EB-4BB2-8A90-A2BB4F805D66}.Release|iPhone.Build.0 = Release|Any CPU
		{DD4222D4-84EB-4BB2-8A90-A2BB4F805D66}.Release|iPhoneSimulator.ActiveCfg = Release|Any CPU
		{DD4222D4-84EB-4BB2-8A90-A2BB4F805D66}.Release|iPhoneSimulator.Build.0 = Release|Any CPU
		{DD4222D4-84EB-4BB2-8A90-A2BB4F805D66}.Release|x64.ActiveCfg = Release|Any CPU
		{DD4222D4-84EB-4BB2-8A90-A2BB4F805D66}.Release|x64.Build.0 = Release|Any CPU
		{DD4222D4-84EB-4BB2-8A90-A2BB4F805D66}.Release|x86.ActiveCfg = Release|Any CPU
		{DD4222D4-84EB-4BB2-8A90-A2BB4F805D66}.Release|x86.Build.0 = Release|Any CPU
	EndGlobalSection
	GlobalSection(SolutionProperties) = preSolution
		HideSolutionNode = FALSE
	EndGlobalSection
	GlobalSection(ExtensibilityGlobals) = postSolution
		SolutionGuid = {C8A3D0AC-F303-4165-92A5-8B7E91217AAC}
	EndGlobalSection
EndGlobal
